
Microsoft Visual Studio Solution File, Format Version 12.00
# Visual Studio Version 17
VisualStudioVersion = 17.10.35013.160
MinimumVisualStudioVersion = 10.0.40219.1
Project("{FAE04EC0-301F-11D3-BF4B-00C04F79EFBC}") = "alfa beta pruning", "alfa beta pruning\alfa beta pruning.csproj", "{5BB473FC-2521-45C8-A212-0C0D44F65558}"
EndProject
Global
	GlobalSection(SolutionConfigurationPlatforms) = preSolution
		Debug|Any CPU = Debug|Any CPU
		Release|Any CPU = Release|Any CPU
	EndGlobalSection
	GlobalSection(ProjectConfigurationPlatforms) = postSolution
		{5BB473FC-2521-45C8-A212-0C0D44F65558}.Debug|Any CPU.ActiveCfg = Debug|Any CPU
		{5BB473FC-2521-45C8-A212-0C0D44F65558}.Debug|Any CPU.Build.0 = Debug|Any CPU
		{5BB473FC-2521-45C8-A212-0C0D44F65558}.Release|Any CPU.ActiveCfg = Release|Any CPU
		{5BB473FC-2521-45C8-A212-0C0D44F65558}.Release|Any CPU.Build.0 = Release|Any CPU
	EndGlobalSection
	GlobalSection(SolutionProperties) = preSolution
		HideSolutionNode = FALSE
	EndGlobalSection
	GlobalSection(ExtensibilityGlobals) = postSolution
		SolutionGuid = {E4F4AEF8-23E9-4340-82B6-AD73A56B83ED}
	EndGlobalSection
EndGlobal
